
Microsoft Visual Studio Solution File, Format Version 12.00
# Visual Studio Version 17
VisualStudioVersion = 17.9.34607.119
MinimumVisualStudioVersion = 10.0.40219.1
Project("{FAE04EC0-301F-11D3-BF4B-00C04F79EFBC}") = "NoteTaking", "NoteTaking.csproj", "{434C9724-04E1-4681-86A4-3B47D6811CF6}"
EndProject
Global
	GlobalSection(SolutionConfigurationPlatforms) = preSolution
		Debug|Any CPU = Debug|Any CPU
		Release|Any CPU = Release|Any CPU
	EndGlobalSection
	GlobalSection(ProjectConfigurationPlatforms) = postSolution
		{434C9724-04E1-4681-86A4-3B47D6811CF6}.Debug|Any CPU.ActiveCfg = Debug|Any CPU
		{434C9724-04E1-4681-86A4-3B47D6811CF6}.Debug|Any CPU.Build.0 = Debug|Any CPU
		{434C9724-04E1-4681-86A4-3B47D6811CF6}.Release|Any CPU.ActiveCfg = Release|Any CPU
		{434C9724-04E1-4681-86A4-3B47D6811CF6}.Release|Any CPU.Build.0 = Release|Any CPU
	EndGlobalSection
	GlobalSection(SolutionProperties) = preSolution
		HideSolutionNode = FALSE
	EndGlobalSection
	GlobalSection(ExtensibilityGlobals) = postSolution
		SolutionGuid = {F2193D45-30EB-4098-B16D-187B66C98EE3}
	EndGlobalSection
EndGlobal
